<?xml version="1.0" encoding="utf-8"?>
<Project ToolsVersion="4.0" xmlns="http://schemas.microsoft.com/developer/msbuild/2003">
  <ItemGroup>
    <Filter Include="Source Files">
      <UniqueIdentifier>{4FC737F1-C7A5-4376-A066-2A32D752A2FF}</UniqueIdentifier>
      <Extensions>cpp;c;cc;cxx;c++;cppm;ixx;def;odl;idl;hpj;bat;asm;asmx</Extensions>
    </Filter>
    <Filter Include="Header Files">
      <UniqueIdentifier>{93995380-89BD-4b04-88EB-625FBE52EBFB}</UniqueIdentifier>
      <Extensions>h;hh;hpp;hxx;h++;hm;inl;inc;ipp;xsd</Extensions>
    </Filter>
    <Filter Include="Resource Files">
      <UniqueIdentifier>{67DA6AB6-F800-4c08-8B7A-83BB121AAD01}</UniqueIdentifier>
      <Extensions>rc;ico;cur;bmp;dlg;rc2;rct;bin;rgs;gif;jpg;jpeg;jpe;resx;tiff;tif;png;wav;mfcribbon-ms</Extensions>
    </Filter>
    <Filter Include="App_Plugins">
      <UniqueIdentifier>{4fce7bce-a177-4292-aab5-d618211f5e66}</UniqueIdentifier>
    </Filter>
    <Filter Include="Source Files\Dashboard">
      <UniqueIdentifier>{09b718e4-e75b-4be2-9f36-3250c6feeaf2}</UniqueIdentifier>
    </Filter>
    <Filter Include="fonts">
      <UniqueIdentifier>{959413dd-62c1-466f-93e0-c7d757ebba33}</UniqueIdentifier>
    </Filter>
    <Filter Include="Content">
      <UniqueIdentifier>{f444730d-ac91-4bae-a44e-c17a91944dbc}</UniqueIdentifier>
    </Filter>
    <Filter Include="Resource Files\DoubleLinked">
      <UniqueIdentifier>{25dfe328-66bd-4a4e-a42b-6efa877c8274}</UniqueIdentifier>
    </Filter>
  </ItemGroup>
  <ItemGroup>
    <ClCompile Include="WelcomeWindow.cpp">
      <Filter>Source Files</Filter>
    </ClCompile>
    <ClCompile Include="Login.cpp">
      <Filter>Source Files</Filter>
    </ClCompile>
    <ClCompile Include="Dashboard.cpp">
      <Filter>Source Files\Dashboard</Filter>
    </ClCompile>
    <ClCompile Include="Program.cpp">
      <Filter>Source Files</Filter>
    </ClCompile>
    <ClCompile Include="Explore.cpp">
      <Filter>Source Files</Filter>
    </ClCompile>
    <ClCompile Include="Account.cpp">
      <Filter>Source Files</Filter>
    </ClCompile>
    <ClCompile Include="CurrrentSong.cpp">
      <Filter>Source Files</Filter>
    </ClCompile>
    <ClCompile Include="AllSongs.cpp">
      <Filter>Source Files</Filter>
    </ClCompile>
    <ClCompile Include="DoubleLinked.cpp">
      <Filter>Resource Files\DoubleLinked</Filter>
    </ClCompile>
    <ClCompile Include="LikesPage.cpp">
      <Filter>Source Files</Filter>
    </ClCompile>
  </ItemGroup>
  <ItemGroup>
    <ClInclude Include="signUp.h">
      <Filter>Source Files</Filter>
    </ClInclude>
    <ClInclude Include="Login.h">
      <Filter>Source Files</Filter>
    </ClInclude>
    <ClInclude Include="Dashboard.h">
      <Filter>Source Files\Dashboard</Filter>
    </ClInclude>
    <ClInclude Include="Explore.h">
      <Filter>Source Files</Filter>
    </ClInclude>
    <ClInclude Include="Account.h">
      <Filter>Source Files</Filter>
    </ClInclude>
    <ClInclude Include="User.h">
      <Filter>Source Files</Filter>
    </ClInclude>
    <ClInclude Include="CurrrentSong.h">
      <Filter>Source Files</Filter>
    </ClInclude>
    <ClInclude Include="AllSongs.h">
      <Filter>Source Files</Filter>
    </ClInclude>
    <ClInclude Include="DoubleLinked.h">
      <Filter>Resource Files\DoubleLinked</Filter>
    </ClInclude>
    <ClInclude Include="LikesPage.h">
      <Filter>Source Files</Filter>
    </ClInclude>
    <ClInclude Include="Testing.h">
      <Filter>Source Files</Filter>
    </ClInclude>
  </ItemGroup>
  <ItemGroup>
    <None Include="packages.config" />
    <None Include="fonts\fontawesome-webfont.woff">
      <Filter>fonts</Filter>
    </None>
    <None Include="fonts\fontawesome-webfont.svg">
      <Filter>fonts</Filter>
    </None>
    <None Include="fonts\fontawesome-webfont.eot">
      <Filter>fonts</Filter>
    </None>
    <None Include="Content\font-awesome.min.css">
      <Filter>Content</Filter>
    </None>
    <None Include="Content\font-awesome.css">
      <Filter>Content</Filter>
    </None>
  </ItemGroup>
  <ItemGroup>
    <Font Include="fonts\FontAwesome.otf">
      <Filter>fonts</Filter>
    </Font>
    <Font Include="fonts\fontawesome-webfont.ttf">
      <Filter>fonts</Filter>
    </Font>
  </ItemGroup>
</Project>